dependencies:
- name: postgresql
  repository: https://charts.bitnami.com/bitnami
  version: 16.7.27
- name: redis
  repository: https://charts.bitnami.com/bitnami
  version: 25.4.1
digest: sha256:b8c60ca39f5f0527ea95fe04d3d3f93830c40619e0dc3f7f03d41f272a01ab2a
generated: "2026-05-04T15:23:57.852084-04:00"
