dependencies:
- name: postgresql
  repository: https://charts.bitnami.com/bitnami
  version: 16.7.27
- name: valkey
  repository: https://charts.bitnami.com/bitnami
  version: 6.1.0
digest: sha256:42b27e0aa9f5f3c423fa5d0d11cbd0a9a2ccb85fa117aa55870abe622e0d25fe
generated: "2026-06-05T12:23:38.42083-04:00"
